schema: '2.0'
stages:
  prepare:
    cmd: python src/prepare.py
    deps:
    - path: src/prepare.py
      hash: md5
      md5: e7c132371a168141bd51c292b0feb19a
      size: 825
    outs:
    - path: data/raw
      hash: md5
      md5: 23b0000338669d2c61217dbd94633aa0.dir
      size: 54950512
      nfiles: 4
  preprocess:
    cmd: python src/preprocess.py
    deps:
    - path: data/raw
      hash: md5
      md5: 23b0000338669d2c61217dbd94633aa0.dir
      size: 54950512
      nfiles: 4
    - path: src/preprocess.py
      hash: md5
      md5: c9608edb139c532569f3defd1848e3bd
      size: 1754
    params:
      params.yaml:
        preprocess.seed: 42
        preprocess.test_size: 0.2
    outs:
    - path: data/processed
      hash: md5
      md5: b8f60b833596fed632e789e15377768d.dir
      size: 219590768
      nfiles: 6
  train:
    cmd: python src/train.py
    deps:
    - path: data/processed
      hash: md5
      md5: b8f60b833596fed632e789e15377768d.dir
      size: 219590768
      nfiles: 6
    - path: src/train.py
      hash: md5
      md5: a18bcb83733920b30a36062cad5752a5
      size: 2009
    params:
      params.yaml:
        train.batch_size: 32
        train.dense_units: 256
        train.dropout_rate: 0.2
        train.epochs: 20
        train.learning_rate: 0.001
    outs:
    - path: models/history.csv
      hash: md5
      md5: c82d2722365d2b8dcf914a7e99a40d6d
      size: 1568
    - path: models/model.h5
      hash: md5
      md5: 45eff52fe9caec3ce599f2a6d44a3173
      size: 2466904
  evaluate:
    cmd: python src/evaluate.py
    deps:
    - path: data/processed
      hash: md5
      md5: b8f60b833596fed632e789e15377768d.dir
      size: 219590768
      nfiles: 6
    - path: models/model.h5
      hash: md5
      md5: 45eff52fe9caec3ce599f2a6d44a3173
      size: 2466904
    - path: src/evaluate.py
      hash: md5
      md5: e302e74d48b34a76e4fcbee527117d58
      size: 1860
    outs:
    - path: metrics.json
      hash: md5
      md5: 55346825f2b23ab61377c923f0b97b17
      size: 77
    - path: models/confusion_matrix.png
      hash: md5
      md5: cc74167956d0373e38ae9bdc3b1d2e26
      size: 36146
