schema: '2.0'
stages:
  prepare:
    cmd: python src/prepare.py
    deps:
    - path: src/prepare.py
      hash: md5
      md5: e7c132371a168141bd51c292b0feb19a
      size: 825
    outs:
    - path: data/raw
      hash: md5
      md5: 23b0000338669d2c61217dbd94633aa0.dir
      size: 54950512
      nfiles: 4
  preprocess:
    cmd: python src/preprocess.py
    deps:
    - path: data/raw
      hash: md5
      md5: 23b0000338669d2c61217dbd94633aa0.dir
      size: 54950512
      nfiles: 4
    - path: src/preprocess.py
      hash: md5
      md5: 785db47c146402e8cc0c90dab7fe1d54
      size: 1749
    params:
      params.yaml:
        preprocess.seed: 42
        preprocess.test_size: 0.2
    outs:
    - path: data/processed
      hash: md5
      md5: b8f60b833596fed632e789e15377768d.dir
      size: 219590768
      nfiles: 6
  train:
    cmd: python src/train.py
    deps:
    - path: data/processed
      hash: md5
      md5: b8f60b833596fed632e789e15377768d.dir
      size: 219590768
      nfiles: 6
    - path: src/train.py
      hash: md5
      md5: a18bcb83733920b30a36062cad5752a5
      size: 2009
    params:
      params.yaml:
        train.batch_size: 32
        train.dense_units: 128
        train.dropout_rate: 0.2
        train.epochs: 20
        train.learning_rate: 0.001
    outs:
    - path: models/history.csv
      hash: md5
      md5: 34d37f8738a1dd8c229fb39f22223828
      size: 1574
    - path: models/model.h5
      hash: md5
      md5: dd90b570461329f2b44005357c2d2ddd
      size: 1245272
  evaluate:
    cmd: python src/evaluate.py
    deps:
    - path: data/processed
      hash: md5
      md5: b8f60b833596fed632e789e15377768d.dir
      size: 219590768
      nfiles: 6
    - path: models/model.h5
      hash: md5
      md5: dd90b570461329f2b44005357c2d2ddd
      size: 1245272
    - path: src/evaluate.py
      hash: md5
      md5: e302e74d48b34a76e4fcbee527117d58
      size: 1860
    outs:
    - path: metrics.json
      hash: md5
      md5: 429b04c787f84ccc04d6f5da1a5d97f4
      size: 76
    - path: models/confusion_matrix.png
      hash: md5
      md5: 331d7851994d9394aa1936ad9cbdac13
      size: 36209
