schema: '2.0'
stages:
  prepare:
    cmd: python src/prepare.py
    deps:
    - path: src/prepare.py
      hash: md5
      md5: e7c132371a168141bd51c292b0feb19a
      size: 825
    outs:
    - path: data/raw
      hash: md5
      md5: 23b0000338669d2c61217dbd94633aa0.dir
      size: 54950512
      nfiles: 4
  preprocess:
    cmd: python src/preprocess.py
    deps:
    - path: data/raw
      hash: md5
      md5: 23b0000338669d2c61217dbd94633aa0.dir
      size: 54950512
      nfiles: 4
    - path: src/preprocess.py
      hash: md5
      md5: 40a400f68674e9c6f91af49bf7ed9cba
      size: 1833
    params:
      params.yaml:
        preprocess.seed: 42
        preprocess.test_size: 0.2
    outs:
    - path: data/processed
      hash: md5
      md5: c8a691787ec456c908e312b618ba0110.dir
      size: 219590768
      nfiles: 6
  train:
    cmd: python src/train.py
    deps:
    - path: data/processed
      hash: md5
      md5: c8a691787ec456c908e312b618ba0110.dir
      size: 219590768
      nfiles: 6
    - path: src/train.py
      hash: md5
      md5: a18bcb83733920b30a36062cad5752a5
      size: 2009
    params:
      params.yaml:
        train.batch_size: 32
        train.dense_units: 128
        train.dropout_rate: 0.2
        train.epochs: 20
        train.learning_rate: 0.001
    outs:
    - path: models/history.csv
      hash: md5
      md5: 4352af96d958b3a62b0af1b769e3669d
      size: 1571
    - path: models/model.h5
      hash: md5
      md5: df3e1852f4a19b125d3502b6ce9a29aa
      size: 1245272
  evaluate:
    cmd: python src/evaluate.py
    deps:
    - path: data/processed
      hash: md5
      md5: c8a691787ec456c908e312b618ba0110.dir
      size: 219590768
      nfiles: 6
    - path: models/model.h5
      hash: md5
      md5: df3e1852f4a19b125d3502b6ce9a29aa
      size: 1245272
    - path: src/evaluate.py
      hash: md5
      md5: e302e74d48b34a76e4fcbee527117d58
      size: 1860
    outs:
    - path: metrics.json
      hash: md5
      md5: 63c8190fc1939547642160c1d3142047
      size: 77
    - path: models/confusion_matrix.png
      hash: md5
      md5: 105f70844ed4ffcc965bffda752a5726
      size: 36073
